
Microsoft Visual Studio Solution File, Format Version 12.00
# Visual Studio Version 17
VisualStudioVersion = 17.8.34408.163
MinimumVisualStudioVersion = 10.0.40219.1
Project("{FAE04EC0-301F-11D3-BF4B-00C04F79EFBC}") = "BTL", "BTL\BTL.csproj", "{A017C997-514D-4C81-AA46-4149B8A90FDD}"
EndProject
Global
	GlobalSection(SolutionConfigurationPlatforms) = preSolution
		Debug|Any CPU = Debug|Any CPU
		Release|Any CPU = Release|Any CPU
	EndGlobalSection
	GlobalSection(ProjectConfigurationPlatforms) = postSolution
		{A017C997-514D-4C81-AA46-4149B8A90FDD}.Debug|Any CPU.ActiveCfg = Debug|Any CPU
		{A017C997-514D-4C81-AA46-4149B8A90FDD}.Debug|Any CPU.Build.0 = Debug|Any CPU
		{A017C997-514D-4C81-AA46-4149B8A90FDD}.Release|Any CPU.ActiveCfg = Release|Any CPU
		{A017C997-514D-4C81-AA46-4149B8A90FDD}.Release|Any CPU.Build.0 = Release|Any CPU
	EndGlobalSection
	GlobalSection(SolutionProperties) = preSolution
		HideSolutionNode = FALSE
	EndGlobalSection
	GlobalSection(ExtensibilityGlobals) = postSolution
		SolutionGuid = {A3E1A8B8-D78C-4002-BEA5-B1AE309D95FC}
	EndGlobalSection
EndGlobal
